
Microsoft Visual Studio Solution File, Format Version 12.00
# Visual Studio Version 16
VisualStudioVersion = 16.0.31321.278
MinimumVisualStudioVersion = 10.0.40219.1
Project("{FAE04EC0-301F-11D3-BF4B-00C04F79EFBC}") = "DataAccessLayer", "DataAccessLayer\DataAccessLayer.csproj", "{EAF0EB7B-B75A-4099-A8D3-741323072CF4}"
EndProject
Project("{FAE04EC0-301F-11D3-BF4B-00C04F79EFBC}") = "BusinessLayer", "BusinessLayer\BusinessLayer.csproj", "{581DCAFA-3045-4C78-A37C-4D3ECF5ED99D}"
EndProject
Project("{FAE04EC0-301F-11D3-BF4B-00C04F79EFBC}") = "AdventureWorks", "AdventureWorks\AdventureWorks.csproj", "{205406FC-DA69-4F19-BF37-B16C48D6E45C}"
EndProject
Global
	GlobalSection(SolutionConfigurationPlatforms) = preSolution
		Debug|Any CPU = Debug|Any CPU
		Release|Any CPU = Release|Any CPU
	EndGlobalSection
	GlobalSection(ProjectConfigurationPlatforms) = postSolution
		{EAF0EB7B-B75A-4099-A8D3-741323072CF4}.Debug|Any CPU.ActiveCfg = Debug|Any CPU
		{EAF0EB7B-B75A-4099-A8D3-741323072CF4}.Debug|Any CPU.Build.0 = Debug|Any CPU
		{EAF0EB7B-B75A-4099-A8D3-741323072CF4}.Release|Any CPU.ActiveCfg = Release|Any CPU
		{EAF0EB7B-B75A-4099-A8D3-741323072CF4}.Release|Any CPU.Build.0 = Release|Any CPU
		{581DCAFA-3045-4C78-A37C-4D3ECF5ED99D}.Debug|Any CPU.ActiveCfg = Debug|Any CPU
		{581DCAFA-3045-4C78-A37C-4D3ECF5ED99D}.Debug|Any CPU.Build.0 = Debug|Any CPU
		{581DCAFA-3045-4C78-A37C-4D3ECF5ED99D}.Release|Any CPU.ActiveCfg = Release|Any CPU
		{581DCAFA-3045-4C78-A37C-4D3ECF5ED99D}.Release|Any CPU.Build.0 = Release|Any CPU
		{205406FC-DA69-4F19-BF37-B16C48D6E45C}.Debug|Any CPU.ActiveCfg = Debug|Any CPU
		{205406FC-DA69-4F19-BF37-B16C48D6E45C}.Debug|Any CPU.Build.0 = Debug|Any CPU
		{205406FC-DA69-4F19-BF37-B16C48D6E45C}.Release|Any CPU.ActiveCfg = Release|Any CPU
		{205406FC-DA69-4F19-BF37-B16C48D6E45C}.Release|Any CPU.Build.0 = Release|Any CPU
	EndGlobalSection
	GlobalSection(SolutionProperties) = preSolution
		HideSolutionNode = FALSE
	EndGlobalSection
	GlobalSection(ExtensibilityGlobals) = postSolution
		SolutionGuid = {466DB17E-5586-47DF-8119-EADA71D6004A}
	EndGlobalSection
EndGlobal
